
Microsoft Visual Studio Solution File, Format Version 12.00
# Visual Studio 14
VisualStudioVersion = 14.0.25420.1
MinimumVisualStudioVersion = 10.0.40219.1
Project("{FAE04EC0-301F-11D3-BF4B-00C04F79EFBC}") = "Ionthruster", "Ionthruster\Ionthruster.csproj", "{85B133FE-D0C6-4EEB-94B3-D97C3B7961B5}"
EndProject
Project("{FAE04EC0-301F-11D3-BF4B-00C04F79EFBC}") = "Ionthruster.Cli", "Ionthruster.Cli\Ionthruster.Cli.csproj", "{8D9B033C-9222-4DD1-9155-FD7040C14D6E}"
EndProject
Project("{2150E333-8FDC-42A3-9474-1A3956D46DE8}") = "test", "test", "{49B82F72-F1E3-449F-BC79-19CD05FEF1E2}"
EndProject
Project("{FAE04EC0-301F-11D3-BF4B-00C04F79EFBC}") = "Ionthruster.Test", "test\Ionthruster.Test\Ionthruster.Test.csproj", "{45AC23D1-BE00-4273-909D-739327092DEC}"
EndProject
Project("{2150E333-8FDC-42A3-9474-1A3956D46DE8}") = "middleware", "middleware", "{347BBE9D-D400-4640-8D27-DBDA03ACB214}"
EndProject
Project("{FAE04EC0-301F-11D3-BF4B-00C04F79EFBC}") = "Ionthruster.Middleware.Build", "middleware\Ionthruster.Middleware.Build\Ionthruster.Middleware.Build.csproj", "{D9F010AF-9A6B-44BB-9470-2C20E02986A7}"
EndProject
Global
	GlobalSection(SolutionConfigurationPlatforms) = preSolution
		Debug|Any CPU = Debug|Any CPU
		Release|Any CPU = Release|Any CPU
	EndGlobalSection
	GlobalSection(ProjectConfigurationPlatforms) = postSolution
		{85B133FE-D0C6-4EEB-94B3-D97C3B7961B5}.Debug|Any CPU.ActiveCfg = Debug|Any CPU
		{85B133FE-D0C6-4EEB-94B3-D97C3B7961B5}.Debug|Any CPU.Build.0 = Debug|Any CPU
		{85B133FE-D0C6-4EEB-94B3-D97C3B7961B5}.Release|Any CPU.ActiveCfg = Release|Any CPU
		{85B133FE-D0C6-4EEB-94B3-D97C3B7961B5}.Release|Any CPU.Build.0 = Release|Any CPU
		{8D9B033C-9222-4DD1-9155-FD7040C14D6E}.Debug|Any CPU.ActiveCfg = Debug|Any CPU
		{8D9B033C-9222-4DD1-9155-FD7040C14D6E}.Debug|Any CPU.Build.0 = Debug|Any CPU
		{8D9B033C-9222-4DD1-9155-FD7040C14D6E}.Release|Any CPU.ActiveCfg = Release|Any CPU
		{8D9B033C-9222-4DD1-9155-FD7040C14D6E}.Release|Any CPU.Build.0 = Release|Any CPU
		{45AC23D1-BE00-4273-909D-739327092DEC}.Debug|Any CPU.ActiveCfg = Debug|Any CPU
		{45AC23D1-BE00-4273-909D-739327092DEC}.Debug|Any CPU.Build.0 = Debug|Any CPU
		{45AC23D1-BE00-4273-909D-739327092DEC}.Release|Any CPU.ActiveCfg = Release|Any CPU
		{45AC23D1-BE00-4273-909D-739327092DEC}.Release|Any CPU.Build.0 = Release|Any CPU
		{D9F010AF-9A6B-44BB-9470-2C20E02986A7}.Debug|Any CPU.ActiveCfg = Debug|Any CPU
		{D9F010AF-9A6B-44BB-9470-2C20E02986A7}.Debug|Any CPU.Build.0 = Debug|Any CPU
		{D9F010AF-9A6B-44BB-9470-2C20E02986A7}.Release|Any CPU.ActiveCfg = Release|Any CPU
		{D9F010AF-9A6B-44BB-9470-2C20E02986A7}.Release|Any CPU.Build.0 = Release|Any CPU
	EndGlobalSection
	GlobalSection(SolutionProperties) = preSolution
		HideSolutionNode = FALSE
	EndGlobalSection
	GlobalSection(NestedProjects) = preSolution
		{45AC23D1-BE00-4273-909D-739327092DEC} = {49B82F72-F1E3-449F-BC79-19CD05FEF1E2}
		{D9F010AF-9A6B-44BB-9470-2C20E02986A7} = {347BBE9D-D400-4640-8D27-DBDA03ACB214}
	EndGlobalSection
EndGlobal
